// !$*UTF8*$!
{
	archiveVersion = 1;
	classes = {
	};
	objectVersion = 77;
	objects = {

/* Begin PBXBuildFile section */
		365302E32E067DA30048AF64 /* FirebaseAI in Frameworks */ = {isa = PBXBuildFile; productRef = 365302E22E067DA30048AF64 /* FirebaseAI */; };
		365302E52E067DA30048AF64 /* FirebaseAnalytics in Frameworks */ = {isa = PBXBuildFile; productRef = 365302E42E067DA30048AF64 /* FirebaseAnalytics */; };
		365302E72E067DA30048AF64 /* FirebaseAnalyticsCore in Frameworks */ = {isa = PBXBuildFile; productRef = 365302E62E067DA30048AF64 /* FirebaseAnalyticsCore */; };
		365302E92E067DA30048AF64 /* FirebaseAnalyticsIdentitySupport in Frameworks */ = {isa = PBXBuildFile; productRef = 365302E82E067DA30048AF64 /* FirebaseAnalyticsIdentitySupport */; };
		365302EB2E067DA30048AF64 /* FirebaseAnalyticsOnDeviceConversion in Frameworks */ = {isa = PBXBuildFile; productRef = 365302EA2E067DA30048AF64 /* FirebaseAnalyticsOnDeviceConversion */; };
		365302ED2E067DA30048AF64 /* FirebaseAnalyticsWithoutAdIdSupport in Frameworks */ = {isa = PBXBuildFile; productRef = 365302EC2E067DA30048AF64 /* FirebaseAnalyticsWithoutAdIdSupport */; };
		365302EF2E067DA30048AF64 /* FirebaseAppCheck in Frameworks */ = {isa = PBXBuildFile; productRef = 365302EE2E067DA30048AF64 /* FirebaseAppCheck */; };
		365302F12E067DA30048AF64 /* FirebaseAppDistribution-Beta in Frameworks */ = {isa = PBXBuildFile; productRef = 365302F02E067DA30048AF64 /* FirebaseAppDistribution-Beta */; };
		365302F32E067DA30048AF64 /* FirebaseAuthCombine-Community in Frameworks */ = {isa = PBXBuildFile; productRef = 365302F22E067DA30048AF64 /* FirebaseAuthCombine-Community */; };
		365302F52E067DA30048AF64 /* FirebaseCore in Frameworks */ = {isa = PBXBuildFile; productRef = 365302F42E067DA30048AF64 /* FirebaseCore */; };
		365302F72E067DA30048AF64 /* FirebaseCrashlytics in Frameworks */ = {isa = PBXBuildFile; productRef = 365302F62E067DA30048AF64 /* FirebaseCrashlytics */; };
		365302F92E067DA30048AF64 /* FirebaseDatabase in Frameworks */ = {isa = PBXBuildFile; productRef = 365302F82E067DA30048AF64 /* FirebaseDatabase */; };
		365302FB2E067DA30048AF64 /* FirebaseDynamicLinks in Frameworks */ = {isa = PBXBuildFile; productRef = 365302FA2E067DA30048AF64 /* FirebaseDynamicLinks */; };
		365302FD2E067DA30048AF64 /* FirebaseFunctions in Frameworks */ = {isa = PBXBuildFile; productRef = 365302FC2E067DA30048AF64 /* FirebaseFunctions */; };
		365302FF2E067DA30048AF64 /* FirebaseFunctionsCombine-Community in Frameworks */ = {isa = PBXBuildFile; productRef = 365302FE2E067DA30048AF64 /* FirebaseFunctionsCombine-Community */; };
		365303012E067DA30048AF64 /* FirebaseInAppMessaging-Beta in Frameworks */ = {isa = PBXBuildFile; productRef = 365303002E067DA30048AF64 /* FirebaseInAppMessaging-Beta */; };
		365303032E067DA30048AF64 /* FirebaseInstallations in Frameworks */ = {isa = PBXBuildFile; productRef = 365303022E067DA30048AF64 /* FirebaseInstallations */; };
		365303052E067DA30048AF64 /* FirebaseMLModelDownloader in Frameworks */ = {isa = PBXBuildFile; productRef = 365303042E067DA30048AF64 /* FirebaseMLModelDownloader */; };
		365303072E067DA30048AF64 /* FirebaseMessaging in Frameworks */ = {isa = PBXBuildFile; productRef = 365303062E067DA30048AF64 /* FirebaseMessaging */; };
		365303092E067DA30048AF64 /* FirebasePerformance in Frameworks */ = {isa = PBXBuildFile; productRef = 365303082E067DA30048AF64 /* FirebasePerformance */; };
		3653030B2E067DA30048AF64 /* FirebaseRemoteConfig in Frameworks */ = {isa = PBXBuildFile; productRef = 3653030A2E067DA30048AF64 /* FirebaseRemoteConfig */; };
		3653030D2E067DA30048AF64 /* FirebaseStorage in Frameworks */ = {isa = PBXBuildFile; productRef = 3653030C2E067DA30048AF64 /* FirebaseStorage */; };
		3653030F2E067DA30048AF64 /* FirebaseStorageCombine-Community in Frameworks */ = {isa = PBXBuildFile; productRef = 3653030E2E067DA30048AF64 /* FirebaseStorageCombine-Community */; };
		365303112E067DA30048AF64 /* FirebaseVertexAI in Frameworks */ = {isa = PBXBuildFile; productRef = 365303102E067DA30048AF64 /* FirebaseVertexAI */; };
		36AA4F3F2DF6B49A00F01277 /* FirebaseAuth in Frameworks */ = {isa = PBXBuildFile; productRef = 36AA4F3E2DF6B49A00F01277 /* FirebaseAuth */; };
		36AA4F412DF6B49A00F01277 /* FirebaseFirestore in Frameworks */ = {isa = PBXBuildFile; productRef = 36AA4F402DF6B49A00F01277 /* FirebaseFirestore */; };
		36AA4F432DF6B49A00F01277 /* FirebaseFirestoreCombine-Community in Frameworks */ = {isa = PBXBuildFile; productRef = 36AA4F422DF6B49A00F01277 /* FirebaseFirestoreCombine-Community */; };
/* End PBXBuildFile section */

/* Begin PBXContainerItemProxy section */
		36AA4F212DF6AF1F00F01277 /* PBXContainerItemProxy */ = {
			isa = PBXContainerItemProxy;
			containerPortal = 36AA4F082DF6AF1E00F01277 /* Project object */;
			proxyType = 1;
			remoteGlobalIDString = 36AA4F0F2DF6AF1E00F01277;
			remoteInfo = ToDoList;
		};
		36AA4F2B2DF6AF1F00F01277 /* PBXContainerItemProxy */ = {
			isa = PBXContainerItemProxy;
			containerPortal = 36AA4F082DF6AF1E00F01277 /* Project object */;
			proxyType = 1;
			remoteGlobalIDString = 36AA4F0F2DF6AF1E00F01277;
			remoteInfo = ToDoList;
		};
/* End PBXContainerItemProxy section */

/* Begin PBXFileReference section */
		36AA4F102DF6AF1E00F01277 /* ToDoList.app */ = {isa = PBXFileReference; explicitFileType = wrapper.application; includeInIndex = 0; path = ToDoList.app; sourceTree = BUILT_PRODUCTS_DIR; };
		36AA4F202DF6AF1F00F01277 /* ToDoListTests.xctest */ = {isa = PBXFileReference; explicitFileType = wrapper.cfbundle; includeInIndex = 0; path = ToDoListTests.xctest; sourceTree = BUILT_PRODUCTS_DIR; };
		36AA4F2A2DF6AF1F00F01277 /* ToDoListUITests.xctest */ = {isa = PBXFileReference; explicitFileType = wrapper.cfbundle; includeInIndex = 0; path = ToDoListUITests.xctest; sourceTree = BUILT_PRODUCTS_DIR; };
/* End PBXFileReference section */

/* Begin PBXFileSystemSynchronizedRootGroup section */
		36AA4F122DF6AF1E00F01277 /* ToDoList */ = {
			isa = PBXFileSystemSynchronizedRootGroup;
			path = ToDoList;
			sourceTree = "<group>";
		};
		36AA4F232DF6AF1F00F01277 /* ToDoListTests */ = {
			isa = PBXFileSystemSynchronizedRootGroup;
			path = ToDoListTests;
			sourceTree = "<group>";
		};
		36AA4F2D2DF6AF1F00F01277 /* ToDoListUITests */ = {
			isa = PBXFileSystemSynchronizedRootGroup;
			path = ToDoListUITests;
			sourceTree = "<group>";
		};
/* End PBXFileSystemSynchronizedRootGroup section */

/* Begin PBXFrameworksBuildPhase section */
		36AA4F0D2DF6AF1E00F01277 /* Frameworks */ = {
			isa = PBXFrameworksBuildPhase;
			buildActionMask = 2147483647;
			files = (
				365302FD2E067DA30048AF64 /* FirebaseFunctions in Frameworks */,
				365302F92E067DA30048AF64 /* FirebaseDatabase in Frameworks */,
				36AA4F432DF6B49A00F01277 /* FirebaseFirestoreCombine-Community in Frameworks */,
				3653030D2E067DA30048AF64 /* FirebaseStorage in Frameworks */,
				365302E72E067DA30048AF64 /* FirebaseAnalyticsCore in Frameworks */,
				365302E32E067DA30048AF64 /* FirebaseAI in Frameworks */,
				365302F72E067DA30048AF64 /* FirebaseCrashlytics in Frameworks */,
				365303052E067DA30048AF64 /* FirebaseMLModelDownloader in Frameworks */,
				365302E92E067DA30048AF64 /* FirebaseAnalyticsIdentitySupport in Frameworks */,
				36AA4F3F2DF6B49A00F01277 /* FirebaseAuth in Frameworks */,
				365302E52E067DA30048AF64 /* FirebaseAnalytics in Frameworks */,
				36AA4F412DF6B49A00F01277 /* FirebaseFirestore in Frameworks */,
				365302F32E067DA30048AF64 /* FirebaseAuthCombine-Community in Frameworks */,
				365303112E067DA30048AF64 /* FirebaseVertexAI in Frameworks */,
				365303012E067DA30048AF64 /* FirebaseInAppMessaging-Beta in Frameworks */,
				365302FF2E067DA30048AF64 /* FirebaseFunctionsCombine-Community in Frameworks */,
				365302F52E067DA30048AF64 /* FirebaseCore in Frameworks */,
				3653030F2E067DA30048AF64 /* FirebaseStorageCombine-Community in Frameworks */,
				3653030B2E067DA30048AF64 /* FirebaseRemoteConfig in Frameworks */,
				365302FB2E067DA30048AF64 /* FirebaseDynamicLinks in Frameworks */,
				365302ED2E067DA30048AF64 /* FirebaseAnalyticsWithoutAdIdSupport in Frameworks */,
				365303092E067DA30048AF64 /* FirebasePerformance in Frameworks */,
				365302EF2E067DA30048AF64 /* FirebaseAppCheck in Frameworks */,
				365302F12E067DA30048AF64 /* FirebaseAppDistribution-Beta in Frameworks */,
				365302EB2E067DA30048AF64 /* FirebaseAnalyticsOnDeviceConversion in Frameworks */,
				365303072E067DA30048AF64 /* FirebaseMessaging in Frameworks */,
				365303032E067DA30048AF64 /* FirebaseInstallations in Frameworks */,
			);
			runOnlyForDeploymentPostprocessing = 0;
		};
		36AA4F1D2DF6AF1F00F01277 /* Frameworks */ = {
			isa = PBXFrameworksBuildPhase;
			buildActionMask = 2147483647;
			files = (
			);
			runOnlyForDeploymentPostprocessing = 0;
		};
		36AA4F272DF6AF1F00F01277 /* Frameworks */ = {
			isa = PBXFrameworksBuildPhase;
			buildActionMask = 2147483647;
			files = (
			);
			runOnlyForDeploymentPostprocessing = 0;
		};
/* End PBXFrameworksBuildPhase section */

/* Begin PBXGroup section */
		36AA4F072DF6AF1E00F01277 = {
			isa = PBXGroup;
			children = (
				36AA4F122DF6AF1E00F01277 /* ToDoList */,
				36AA4F232DF6AF1F00F01277 /* ToDoListTests */,
				36AA4F2D2DF6AF1F00F01277 /* ToDoListUITests */,
				36AA4F112DF6AF1E00F01277 /* Products */,
			);
			sourceTree = "<group>";
		};
		36AA4F112DF6AF1E00F01277 /* Products */ = {
			isa = PBXGroup;
			children = (
				36AA4F102DF6AF1E00F01277 /* ToDoList.app */,
				36AA4F202DF6AF1F00F01277 /* ToDoListTests.xctest */,
				36AA4F2A2DF6AF1F00F01277 /* ToDoListUITests.xctest */,
			);
			name = Products;
			sourceTree = "<group>";
		};
/* End PBXGroup section */

/* Begin PBXNativeTarget section */
		36AA4F0F2DF6AF1E00F01277 /* ToDoList */ = {
			isa = PBXNativeTarget;
			buildConfigurationList = 36AA4F342DF6AF1F00F01277 /* Build configuration list for PBXNativeTarget "ToDoList" */;
			buildPhases = (
				36AA4F0C2DF6AF1E00F01277 /* Sources */,
				36AA4F0D2DF6AF1E00F01277 /* Frameworks */,
				36AA4F0E2DF6AF1E00F01277 /* Resources */,
			);
			buildRules = (
			);
			dependencies = (
			);
			fileSystemSynchronizedGroups = (
				36AA4F122DF6AF1E00F01277 /* ToDoList */,
			);
			name = ToDoList;
			packageProductDependencies = (
				36AA4F3E2DF6B49A00F01277 /* FirebaseAuth */,
				36AA4F402DF6B49A00F01277 /* FirebaseFirestore */,
				36AA4F422DF6B49A00F01277 /* FirebaseFirestoreCombine-Community */,
				365302E22E067DA30048AF64 /* FirebaseAI */,
				365302E42E067DA30048AF64 /* FirebaseAnalytics */,
				365302E62E067DA30048AF64 /* FirebaseAnalyticsCore */,
				365302E82E067DA30048AF64 /* FirebaseAnalyticsIdentitySupport */,
				365302EA2E067DA30048AF64 /* FirebaseAnalyticsOnDeviceConversion */,
				365302EC2E067DA30048AF64 /* FirebaseAnalyticsWithoutAdIdSupport */,
				365302EE2E067DA30048AF64 /* FirebaseAppCheck */,
				365302F02E067DA30048AF64 /* FirebaseAppDistribution-Beta */,
				365302F22E067DA30048AF64 /* FirebaseAuthCombine-Community */,
				365302F42E067DA30048AF64 /* FirebaseCore */,
				365302F62E067DA30048AF64 /* FirebaseCrashlytics */,
				365302F82E067DA30048AF64 /* FirebaseDatabase */,
				365302FA2E067DA30048AF64 /* FirebaseDynamicLinks */,
				365302FC2E067DA30048AF64 /* FirebaseFunctions */,
				365302FE2E067DA30048AF64 /* FirebaseFunctionsCombine-Community */,
				365303002E067DA30048AF64 /* FirebaseInAppMessaging-Beta */,
				365303022E067DA30048AF64 /* FirebaseInstallations */,
				365303042E067DA30048AF64 /* FirebaseMLModelDownloader */,
				365303062E067DA30048AF64 /* FirebaseMessaging */,
				365303082E067DA30048AF64 /* FirebasePerformance */,
				3653030A2E067DA30048AF64 /* FirebaseRemoteConfig */,
				3653030C2E067DA30048AF64 /* FirebaseStorage */,
				3653030E2E067DA30048AF64 /* FirebaseStorageCombine-Community */,
				365303102E067DA30048AF64 /* FirebaseVertexAI */,
			);
			productName = ToDoList;
			productReference = 36AA4F102DF6AF1E00F01277 /* ToDoList.app */;
			productType = "com.apple.product-type.application";
		};
		36AA4F1F2DF6AF1F00F01277 /* ToDoListTests */ = {
			isa = PBXNativeTarget;
			buildConfigurationList = 36AA4F372DF6AF1F00F01277 /* Build configuration list for PBXNativeTarget "ToDoListTests" */;
			buildPhases = (
				36AA4F1C2DF6AF1F00F01277 /* Sources */,
				36AA4F1D2DF6AF1F00F01277 /* Frameworks */,
				36AA4F1E2DF6AF1F00F01277 /* Resources */,
			);
			buildRules = (
			);
			dependencies = (
				36AA4F222DF6AF1F00F01277 /* PBXTargetDependency */,
			);
			fileSystemSynchronizedGroups = (
				36AA4F232DF6AF1F00F01277 /* ToDoListTests */,
			);
			name = ToDoListTests;
			packageProductDependencies = (
			);
			productName = ToDoListTests;
			productReference = 36AA4F202DF6AF1F00F01277 /* ToDoListTests.xctest */;
			productType = "com.apple.product-type.bundle.unit-test";
		};
		36AA4F292DF6AF1F00F01277 /* ToDoListUITests */ = {
			isa = PBXNativeTarget;
			buildConfigurationList = 36AA4F3A2DF6AF1F00F01277 /* Build configuration list for PBXNativeTarget "ToDoListUITests" */;
			buildPhases = (
				36AA4F262DF6AF1F00F01277 /* Sources */,
				36AA4F272DF6AF1F00F01277 /* Frameworks */,
				36AA4F282DF6AF1F00F01277 /* Resources */,
			);
			buildRules = (
			);
			dependencies = (
				36AA4F2C2DF6AF1F00F01277 /* PBXTargetDependency */,
			);
			fileSystemSynchronizedGroups = (
				36AA4F2D2DF6AF1F00F01277 /* ToDoListUITests */,
			);
			name = ToDoListUITests;
			packageProductDependencies = (
			);
			productName = ToDoListUITests;
			productReference = 36AA4F2A2DF6AF1F00F01277 /* ToDoListUITests.xctest */;
			productType = "com.apple.product-type.bundle.ui-testing";
		};
/* End PBXNativeTarget section */

/* Begin PBXProject section */
		36AA4F082DF6AF1E00F01277 /* Project object */ = {
			isa = PBXProject;
			attributes = {
				BuildIndependentTargetsInParallel = 1;
				LastSwiftUpdateCheck = 1620;
				LastUpgradeCheck = 1620;
				TargetAttributes = {
					36AA4F0F2DF6AF1E00F01277 = {
						CreatedOnToolsVersion = 16.2;
					};
					36AA4F1F2DF6AF1F00F01277 = {
						CreatedOnToolsVersion = 16.2;
						TestTargetID = 36AA4F0F2DF6AF1E00F01277;
					};
					36AA4F292DF6AF1F00F01277 = {
						CreatedOnToolsVersion = 16.2;
						TestTargetID = 36AA4F0F2DF6AF1E00F01277;
					};
				};
			};
			buildConfigurationList = 36AA4F0B2DF6AF1E00F01277 /* Build configuration list for PBXProject "ToDoList" */;
			developmentRegion = en;
			hasScannedForEncodings = 0;
			knownRegions = (
				en,
				Base,
			);
			mainGroup = 36AA4F072DF6AF1E00F01277;
			minimizedProjectReferenceProxies = 1;
			packageReferences = (
				36AA4F3D2DF6B49A00F01277 /* XCRemoteSwiftPackageReference "firebase-ios-sdk" */,
			);
			preferredProjectObjectVersion = 77;
			productRefGroup = 36AA4F112DF6AF1E00F01277 /* Products */;
			projectDirPath = "";
			projectRoot = "";
			targets = (
				36AA4F0F2DF6AF1E00F01277 /* ToDoList */,
				36AA4F1F2DF6AF1F00F01277 /* ToDoListTests */,
				36AA4F292DF6AF1F00F01277 /* ToDoListUITests */,
			);
		};
/* End PBXProject section */

/* Begin PBXResourcesBuildPhase section */
		36AA4F0E2DF6AF1E00F01277 /* Resources */ = {
			isa = PBXResourcesBuildPhase;
			buildActionMask = 2147483647;
			files = (
			);
			runOnlyForDeploymentPostprocessing = 0;
		};
		36AA4F1E2DF6AF1F00F01277 /* Resources */ = {
			isa = PBXResourcesBuildPhase;
			buildActionMask = 2147483647;
			files = (
			);
			runOnlyForDeploymentPostprocessing = 0;
		};
		36AA4F282DF6AF1F00F01277 /* Resources */ = {
			isa = PBXResourcesBuildPhase;
			buildActionMask = 2147483647;
			files = (
			);
			runOnlyForDeploymentPostprocessing = 0;
		};
/* End PBXResourcesBuildPhase section */

/* Begin PBXSourcesBuildPhase section */
		36AA4F0C2DF6AF1E00F01277 /* Sources */ = {
			isa = PBXSourcesBuildPhase;
			buildActionMask = 2147483647;
			files = (
			);
			runOnlyForDeploymentPostprocessing = 0;
		};
		36AA4F1C2DF6AF1F00F01277 /* Sources */ = {
			isa = PBXSourcesBuildPhase;
			buildActionMask = 2147483647;
			files = (
			);
			runOnlyForDeploymentPostprocessing = 0;
		};
		36AA4F262DF6AF1F00F01277 /* Sources */ = {
			isa = PBXSourcesBuildPhase;
			buildActionMask = 2147483647;
			files = (
			);
			runOnlyForDeploymentPostprocessing = 0;
		};
/* End PBXSourcesBuildPhase section */

/* Begin PBXTargetDependency section */
		36AA4F222DF6AF1F00F01277 /* PBXTargetDependency */ = {
			isa = PBXTargetDependency;
			target = 36AA4F0F2DF6AF1E00F01277 /* ToDoList */;
			targetProxy = 36AA4F212DF6AF1F00F01277 /* PBXContainerItemProxy */;
		};
		36AA4F2C2DF6AF1F00F01277 /* PBXTargetDependency */ = {
			isa = PBXTargetDependency;
			target = 36AA4F0F2DF6AF1E00F01277 /* ToDoList */;
			targetProxy = 36AA4F2B2DF6AF1F00F01277 /* PBXContainerItemProxy */;
		};
/* End PBXTargetDependency section */

/* Begin XCBuildConfiguration section */
		36AA4F322DF6AF1F00F01277 /* Debug */ = {
			isa = XCBuildConfiguration;
			buildSettings = {
				ALWAYS_SEARCH_USER_PATHS = NO;
				ASSETCATALOG_COMPILER_GENERATE_SWIFT_ASSET_SYMBOL_EXTENSIONS = YES;
				CLANG_ANALYZER_NONNULL = YES;
				CLANG_ANALYZER_NUMBER_OBJECT_CONVERSION = YES_AGGRESSIVE;
				CLANG_CXX_LANGUAGE_STANDARD = "gnu++20";
				CLANG_ENABLE_MODULES = YES;
				CLANG_ENABLE_OBJC_ARC = YES;
				CLANG_ENABLE_OBJC_WEAK = YES;
				CLANG_WARN_BLOCK_CAPTURE_AUTORELEASING = YES;
				CLANG_WARN_BOOL_CONVERSION = YES;
				CLANG_WARN_COMMA = YES;
				CLANG_WARN_CONSTANT_CONVERSION = YES;
				CLANG_WARN_DEPRECATED_OBJC_IMPLEMENTATIONS = YES;
				CLANG_WARN_DIRECT_OBJC_ISA_USAGE = YES_ERROR;
				CLANG_WARN_DOCUMENTATION_COMMENTS = YES;
				CLANG_WARN_EMPTY_BODY = YES;
				CLANG_WARN_ENUM_CONVERSION = YES;
				CLANG_WARN_INFINITE_RECURSION = YES;
				CLANG_WARN_INT_CONVERSION = YES;
				CLANG_WARN_NON_LITERAL_NULL_CONVERSION = YES;
				CLANG_WARN_OBJC_IMPLICIT_RETAIN_SELF = YES;
				CLANG_WARN_OBJC_LITERAL_CONVERSION = YES;
				CLANG_WARN_OBJC_ROOT_CLASS = YES_ERROR;
				CLANG_WARN_QUOTED_INCLUDE_IN_FRAMEWORK_HEADER = YES;
				CLANG_WARN_RANGE_LOOP_ANALYSIS = YES;
				CLANG_WARN_STRICT_PROTOTYPES = YES;
				CLANG_WARN_SUSPICIOUS_MOVE = YES;
				CLANG_WARN_UNGUARDED_AVAILABILITY = YES_AGGRESSIVE;
				CLANG_WARN_UNREACHABLE_CODE = YES;
				CLANG_WARN__DUPLICATE_METHOD_MATCH = YES;
				COPY_PHASE_STRIP = NO;
				DEBUG_INFORMATION_FORMAT = dwarf;
				ENABLE_STRICT_OBJC_MSGSEND = YES;
				ENABLE_TESTABILITY = YES;
				ENABLE_USER_SCRIPT_SANDBOXING = YES;
				GCC_C_LANGUAGE_STANDARD = gnu17;
				GCC_DYNAMIC_NO_PIC = NO;
				GCC_NO_COMMON_BLOCKS = YES;
				GCC_OPTIMIZATION_LEVEL = 0;
				GCC_PREPROCESSOR_DEFINITIONS = (
					"DEBUG=1",
					"$(inherited)",
				);
				GCC_WARN_64_TO_32_BIT_CONVERSION = YES;
				GCC_WARN_ABOUT_RETURN_TYPE = YES_ERROR;
				GCC_WARN_UNDECLARED_SELECTOR = YES;
				GCC_WARN_UNINITIALIZED_AUTOS = YES_AGGRESSIVE;
				GCC_WARN_UNUSED_FUNCTION = YES;
				GCC_WARN_UNUSED_VARIABLE = YES;
				IPHONEOS_DEPLOYMENT_TARGET = 18.2;
				LOCALIZATION_PREFERS_STRING_CATALOGS = YES;
				MTL_ENABLE_DEBUG_INFO = INCLUDE_SOURCE;
				MTL_FAST_MATH = YES;
				ONLY_ACTIVE_ARCH = YES;
				SDKROOT = iphoneos;
				SWIFT_ACTIVE_COMPILATION_CONDITIONS = "DEBUG $(inherited)";
				SWIFT_OPTIMIZATION_LEVEL = "-Onone";
			};
			name = Debug;
		};
		36AA4F332DF6AF1F00F01277 /* Release */ = {
			isa = XCBuildConfiguration;
			buildSettings = {
				ALWAYS_SEARCH_USER_PATHS = NO;
				ASSETCATALOG_COMPILER_GENERATE_SWIFT_ASSET_SYMBOL_EXTENSIONS = YES;
				CLANG_ANALYZER_NONNULL = YES;
				CLANG_ANALYZER_NUMBER_OBJECT_CONVERSION = YES_AGGRESSIVE;
				CLANG_CXX_LANGUAGE_STANDARD = "gnu++20";
				CLANG_ENABLE_MODULES = YES;
				CLANG_ENABLE_OBJC_ARC = YES;
				CLANG_ENABLE_OBJC_WEAK = YES;
				CLANG_WARN_BLOCK_CAPTURE_AUTORELEASING = YES;
				CLANG_WARN_BOOL_CONVERSION = YES;
				CLANG_WARN_COMMA = YES;
				CLANG_WARN_CONSTANT_CONVERSION = YES;
				CLANG_WARN_DEPRECATED_OBJC_IMPLEMENTATIONS = YES;
				CLANG_WARN_DIRECT_OBJC_ISA_USAGE = YES_ERROR;
				CLANG_WARN_DOCUMENTATION_COMMENTS = YES;
				CLANG_WARN_EMPTY_BODY = YES;
				CLANG_WARN_ENUM_CONVERSION = YES;
				CLANG_WARN_INFINITE_RECURSION = YES;
				CLANG_WARN_INT_CONVERSION = YES;
				CLANG_WARN_NON_LITERAL_NULL_CONVERSION = YES;
				CLANG_WARN_OBJC_IMPLICIT_RETAIN_SELF = YES;
				CLANG_WARN_OBJC_LITERAL_CONVERSION = YES;
				CLANG_WARN_OBJC_ROOT_CLASS = YES_ERROR;
				CLANG_WARN_QUOTED_INCLUDE_IN_FRAMEWORK_HEADER = YES;
				CLANG_WARN_RANGE_LOOP_ANALYSIS = YES;
				CLANG_WARN_STRICT_PROTOTYPES = YES;
				CLANG_WARN_SUSPICIOUS_MOVE = YES;
				CLANG_WARN_UNGUARDED_AVAILABILITY = YES_AGGRESSIVE;
				CLANG_WARN_UNREACHABLE_CODE = YES;
				CLANG_WARN__DUPLICATE_METHOD_MATCH = YES;
				COPY_PHASE_STRIP = NO;
				DEBUG_INFORMATION_FORMAT = "dwarf-with-dsym";
				ENABLE_NS_ASSERTIONS = NO;
				ENABLE_STRICT_OBJC_MSGSEND = YES;
				ENABLE_USER_SCRIPT_SANDBOXING = YES;
				GCC_C_LANGUAGE_STANDARD = gnu17;
				GCC_NO_COMMON_BLOCKS = YES;
				GCC_WARN_64_TO_32_BIT_CONVERSION = YES;
				GCC_WARN_ABOUT_RETURN_TYPE = YES_ERROR;
				GCC_WARN_UNDECLARED_SELECTOR = YES;
				GCC_WARN_UNINITIALIZED_AUTOS = YES_AGGRESSIVE;
				GCC_WARN_UNUSED_FUNCTION = YES;
				GCC_WARN_UNUSED_VARIABLE = YES;
				IPHONEOS_DEPLOYMENT_TARGET = 18.2;
				LOCALIZATION_PREFERS_STRING_CATALOGS = YES;
				MTL_ENABLE_DEBUG_INFO = NO;
				MTL_FAST_MATH = YES;
				SDKROOT = iphoneos;
				SWIFT_COMPILATION_MODE = wholemodule;
				VALIDATE_PRODUCT = YES;
			};
			name = Release;
		};
		36AA4F352DF6AF1F00F01277 /* Debug */ = {
			isa = XCBuildConfiguration;
			buildSettings = {
				ASSETCATALOG_COMPILER_APPICON_NAME = AppIcon;
				ASSETCATALOG_COMPILER_GLOBAL_ACCENT_COLOR_NAME = AccentColor;
				CODE_SIGN_STYLE = Automatic;
				CURRENT_PROJECT_VERSION = 1;
				DEVELOPMENT_ASSET_PATHS = "\"ToDoList/Preview Content\"";
				DEVELOPMENT_TEAM = 3P7RNPJ8YK;
				ENABLE_PREVIEWS = YES;
				GENERATE_INFOPLIST_FILE = YES;
				INFOPLIST_KEY_CFBundleDisplayName = ToDoList;
				INFOPLIST_KEY_UIApplicationSceneManifest_Generation = YES;
				INFOPLIST_KEY_UIApplicationSupportsIndirectInputEvents = YES;
				INFOPLIST_KEY_UILaunchScreen_Generation = YES;
				INFOPLIST_KEY_UISupportedInterfaceOrientations = UIInterfaceOrientationPortrait;
				IPHONEOS_DEPLOYMENT_TARGET = 16.6;
				LD_RUNPATH_SEARCH_PATHS = (
					"$(inherited)",
					"@executable_path/Frameworks",
				);
				MARKETING_VERSION = 1.0;
				PRODUCT_BUNDLE_IDENTIFIER = personal.ToDoList.abcd123;
				PRODUCT_NAME = "$(TARGET_NAME)";
				SWIFT_EMIT_LOC_STRINGS = YES;
				SWIFT_VERSION = 5.0;
				TARGETED_DEVICE_FAMILY = "1,2";
			};
			name = Debug;
		};
		36AA4F362DF6AF1F00F01277 /* Release */ = {
			isa = XCBuildConfiguration;
			buildSettings = {
				ASSETCATALOG_COMPILER_APPICON_NAME = AppIcon;
				ASSETCATALOG_COMPILER_GLOBAL_ACCENT_COLOR_NAME = AccentColor;
				CODE_SIGN_STYLE = Automatic;
				CURRENT_PROJECT_VERSION = 1;
				DEVELOPMENT_ASSET_PATHS = "\"ToDoList/Preview Content\"";
				DEVELOPMENT_TEAM = 3P7RNPJ8YK;
				ENABLE_PREVIEWS = YES;
				GENERATE_INFOPLIST_FILE = YES;
				INFOPLIST_KEY_CFBundleDisplayName = ToDoList;
				INFOPLIST_KEY_UIApplicationSceneManifest_Generation = YES;
				INFOPLIST_KEY_UIApplicationSupportsIndirectInputEvents = YES;
				INFOPLIST_KEY_UILaunchScreen_Generation = YES;
				INFOPLIST_KEY_UISupportedInterfaceOrientations = UIInterfaceOrientationPortrait;
				IPHONEOS_DEPLOYMENT_TARGET = 16.6;
				LD_RUNPATH_SEARCH_PATHS = (
					"$(inherited)",
					"@executable_path/Frameworks",
				);
				MARKETING_VERSION = 1.0;
				PRODUCT_BUNDLE_IDENTIFIER = personal.ToDoList.abcd123;
				PRODUCT_NAME = "$(TARGET_NAME)";
				SWIFT_EMIT_LOC_STRINGS = YES;
				SWIFT_VERSION = 5.0;
				TARGETED_DEVICE_FAMILY = "1,2";
			};
			name = Release;
		};
		36AA4F382DF6AF1F00F01277 /* Debug */ = {
			isa = XCBuildConfiguration;
			buildSettings = {
				BUNDLE_LOADER = "$(TEST_HOST)";
				CODE_SIGN_STYLE = Automatic;
				CURRENT_PROJECT_VERSION = 1;
				GENERATE_INFOPLIST_FILE = YES;
				IPHONEOS_DEPLOYMENT_TARGET = 18.2;
				MARKETING_VERSION = 1.0;
				PRODUCT_BUNDLE_IDENTIFIER = personal.ToDoListTests;
				PRODUCT_NAME = "$(TARGET_NAME)";
				SWIFT_EMIT_LOC_STRINGS = NO;
				SWIFT_VERSION = 5.0;
				TARGETED_DEVICE_FAMILY = "1,2";
				TEST_HOST = "$(BUILT_PRODUCTS_DIR)/ToDoList.app/$(BUNDLE_EXECUTABLE_FOLDER_PATH)/ToDoList";
			};
			name = Debug;
		};
		36AA4F392DF6AF1F00F01277 /* Release */ = {
			isa = XCBuildConfiguration;
			buildSettings = {
				BUNDLE_LOADER = "$(TEST_HOST)";
				CODE_SIGN_STYLE = Automatic;
				CURRENT_PROJECT_VERSION = 1;
				GENERATE_INFOPLIST_FILE = YES;
				IPHONEOS_DEPLOYMENT_TARGET = 18.2;
				MARKETING_VERSION = 1.0;
				PRODUCT_BUNDLE_IDENTIFIER = personal.ToDoListTests;
				PRODUCT_NAME = "$(TARGET_NAME)";
				SWIFT_EMIT_LOC_STRINGS = NO;
				SWIFT_VERSION = 5.0;
				TARGETED_DEVICE_FAMILY = "1,2";
				TEST_HOST = "$(BUILT_PRODUCTS_DIR)/ToDoList.app/$(BUNDLE_EXECUTABLE_FOLDER_PATH)/ToDoList";
			};
			name = Release;
		};
		36AA4F3B2DF6AF1F00F01277 /* Debug */ = {
			isa = XCBuildConfiguration;
			buildSettings = {
				CODE_SIGN_STYLE = Automatic;
				CURRENT_PROJECT_VERSION = 1;
				GENERATE_INFOPLIST_FILE = YES;
				MARKETING_VERSION = 1.0;
				PRODUCT_BUNDLE_IDENTIFIER = personal.ToDoListUITests;
				PRODUCT_NAME = "$(TARGET_NAME)";
				SWIFT_EMIT_LOC_STRINGS = NO;
				SWIFT_VERSION = 5.0;
				TARGETED_DEVICE_FAMILY = "1,2";
				TEST_TARGET_NAME = ToDoList;
			};
			name = Debug;
		};
		36AA4F3C2DF6AF1F00F01277 /* Release */ = {
			isa = XCBuildConfiguration;
			buildSettings = {
				CODE_SIGN_STYLE = Automatic;
				CURRENT_PROJECT_VERSION = 1;
				GENERATE_INFOPLIST_FILE = YES;
				MARKETING_VERSION = 1.0;
				PRODUCT_BUNDLE_IDENTIFIER = personal.ToDoListUITests;
				PRODUCT_NAME = "$(TARGET_NAME)";
				SWIFT_EMIT_LOC_STRINGS = NO;
				SWIFT_VERSION = 5.0;
				TARGETED_DEVICE_FAMILY = "1,2";
				TEST_TARGET_NAME = ToDoList;
			};
			name = Release;
		};
/* End XCBuildConfiguration section */

/* Begin XCConfigurationList section */
		36AA4F0B2DF6AF1E00F01277 /* Build configuration list for PBXProject "ToDoList" */ = {
			isa = XCConfigurationList;
			buildConfigurations = (
				36AA4F322DF6AF1F00F01277 /* Debug */,
				36AA4F332DF6AF1F00F01277 /* Release */,
			);
			defaultConfigurationIsVisible = 0;
			defaultConfigurationName = Release;
		};
		36AA4F342DF6AF1F00F01277 /* Build configuration list for PBXNativeTarget "ToDoList" */ = {
			isa = XCConfigurationList;
			buildConfigurations = (
				36AA4F352DF6AF1F00F01277 /* Debug */,
				36AA4F362DF6AF1F00F01277 /* Release */,
			);
			defaultConfigurationIsVisible = 0;
			defaultConfigurationName = Release;
		};
		36AA4F372DF6AF1F00F01277 /* Build configuration list for PBXNativeTarget "ToDoListTests" */ = {
			isa = XCConfigurationList;
			buildConfigurations = (
				36AA4F382DF6AF1F00F01277 /* Debug */,
				36AA4F392DF6AF1F00F01277 /* Release */,
			);
			defaultConfigurationIsVisible = 0;
			defaultConfigurationName = Release;
		};
		36AA4F3A2DF6AF1F00F01277 /* Build configuration list for PBXNativeTarget "ToDoListUITests" */ = {
			isa = XCConfigurationList;
			buildConfigurations = (
				36AA4F3B2DF6AF1F00F01277 /* Debug */,
				36AA4F3C2DF6AF1F00F01277 /* Release */,
			);
			defaultConfigurationIsVisible = 0;
			defaultConfigurationName = Release;
		};
/* End XCConfigurationList section */

/* Begin XCRemoteSwiftPackageReference section */
		36AA4F3D2DF6B49A00F01277 /* XCRemoteSwiftPackageReference "firebase-ios-sdk" */ = {
			isa = XCRemoteSwiftPackageReference;
			repositoryURL = "https://github.com/firebase/firebase-ios-sdk";
			requirement = {
				kind = upToNextMajorVersion;
				minimumVersion = 11.14.0;
			};
		};
/* End XCRemoteSwiftPackageReference section */

/* Begin XCSwiftPackageProductDependency section */
		365302E22E067DA30048AF64 /* FirebaseAI */ = {
			isa = XCSwiftPackageProductDependency;
			package = 36AA4F3D2DF6B49A00F01277 /* XCRemoteSwiftPackageReference "firebase-ios-sdk" */;
			productName = FirebaseAI;
		};
		365302E42E067DA30048AF64 /* FirebaseAnalytics */ = {
			isa = XCSwiftPackageProductDependency;
			package = 36AA4F3D2DF6B49A00F01277 /* XCRemoteSwiftPackageReference "firebase-ios-sdk" */;
			productName = FirebaseAnalytics;
		};
		365302E62E067DA30048AF64 /* FirebaseAnalyticsCore */ = {
			isa = XCSwiftPackageProductDependency;
			package = 36AA4F3D2DF6B49A00F01277 /* XCRemoteSwiftPackageReference "firebase-ios-sdk" */;
			productName = FirebaseAnalyticsCore;
		};
		365302E82E067DA30048AF64 /* FirebaseAnalyticsIdentitySupport */ = {
			isa = XCSwiftPackageProductDependency;
			package = 36AA4F3D2DF6B49A00F01277 /* XCRemoteSwiftPackageReference "firebase-ios-sdk" */;
			productName = FirebaseAnalyticsIdentitySupport;
		};
		365302EA2E067DA30048AF64 /* FirebaseAnalyticsOnDeviceConversion */ = {
			isa = XCSwiftPackageProductDependency;
			package = 36AA4F3D2DF6B49A00F01277 /* XCRemoteSwiftPackageReference "firebase-ios-sdk" */;
			productName = FirebaseAnalyticsOnDeviceConversion;
		};
		365302EC2E067DA30048AF64 /* FirebaseAnalyticsWithoutAdIdSupport */ = {
			isa = XCSwiftPackageProductDependency;
			package = 36AA4F3D2DF6B49A00F01277 /* XCRemoteSwiftPackageReference "firebase-ios-sdk" */;
			productName = FirebaseAnalyticsWithoutAdIdSupport;
		};
		365302EE2E067DA30048AF64 /* FirebaseAppCheck */ = {
			isa = XCSwiftPackageProductDependency;
			package = 36AA4F3D2DF6B49A00F01277 /* XCRemoteSwiftPackageReference "firebase-ios-sdk" */;
			productName = FirebaseAppCheck;
		};
		365302F02E067DA30048AF64 /* FirebaseAppDistribution-Beta */ = {
			isa = XCSwiftPackageProductDependency;
			package = 36AA4F3D2DF6B49A00F01277 /* XCRemoteSwiftPackageReference "firebase-ios-sdk" */;
			productName = "FirebaseAppDistribution-Beta";
		};
		365302F22E067DA30048AF64 /* FirebaseAuthCombine-Community */ = {
			isa = XCSwiftPackageProductDependency;
			package = 36AA4F3D2DF6B49A00F01277 /* XCRemoteSwiftPackageReference "firebase-ios-sdk" */;
			productName = "FirebaseAuthCombine-Community";
		};
		365302F42E067DA30048AF64 /* FirebaseCore */ = {
			isa = XCSwiftPackageProductDependency;
			package = 36AA4F3D2DF6B49A00F01277 /* XCRemoteSwiftPackageReference "firebase-ios-sdk" */;
			productName = FirebaseCore;
		};
		365302F62E067DA30048AF64 /* FirebaseCrashlytics */ = {
			isa = XCSwiftPackageProductDependency;
			package = 36AA4F3D2DF6B49A00F01277 /* XCRemoteSwiftPackageReference "firebase-ios-sdk" */;
			productName = FirebaseCrashlytics;
		};
		365302F82E067DA30048AF64 /* FirebaseDatabase */ = {
			isa = XCSwiftPackageProductDependency;
			package = 36AA4F3D2DF6B49A00F01277 /* XCRemoteSwiftPackageReference "firebase-ios-sdk" */;
			productName = FirebaseDatabase;
		};
		365302FA2E067DA30048AF64 /* FirebaseDynamicLinks */ = {
			isa = XCSwiftPackageProductDependency;
			package = 36AA4F3D2DF6B49A00F01277 /* XCRemoteSwiftPackageReference "firebase-ios-sdk" */;
			productName = FirebaseDynamicLinks;
		};
		365302FC2E067DA30048AF64 /* FirebaseFunctions */ = {
			isa = XCSwiftPackageProductDependency;
			package = 36AA4F3D2DF6B49A00F01277 /* XCRemoteSwiftPackageReference "firebase-ios-sdk" */;
			productName = FirebaseFunctions;
		};
		365302FE2E067DA30048AF64 /* FirebaseFunctionsCombine-Community */ = {
			isa = XCSwiftPackageProductDependency;
			package = 36AA4F3D2DF6B49A00F01277 /* XCRemoteSwiftPackageReference "firebase-ios-sdk" */;
			productName = "FirebaseFunctionsCombine-Community";
		};
		365303002E067DA30048AF64 /* FirebaseInAppMessaging-Beta */ = {
			isa = XCSwiftPackageProductDependency;
			package = 36AA4F3D2DF6B49A00F01277 /* XCRemoteSwiftPackageReference "firebase-ios-sdk" */;
			productName = "FirebaseInAppMessaging-Beta";
		};
		365303022E067DA30048AF64 /* FirebaseInstallations */ = {
			isa = XCSwiftPackageProductDependency;
			package = 36AA4F3D2DF6B49A00F01277 /* XCRemoteSwiftPackageReference "firebase-ios-sdk" */;
			productName = FirebaseInstallations;
		};
		365303042E067DA30048AF64 /* FirebaseMLModelDownloader */ = {
			isa = XCSwiftPackageProductDependency;
			package = 36AA4F3D2DF6B49A00F01277 /* XCRemoteSwiftPackageReference "firebase-ios-sdk" */;
			productName = FirebaseMLModelDownloader;
		};
		365303062E067DA30048AF64 /* FirebaseMessaging */ = {
			isa = XCSwiftPackageProductDependency;
			package = 36AA4F3D2DF6B49A00F01277 /* XCRemoteSwiftPackageReference "firebase-ios-sdk" */;
			productName = FirebaseMessaging;
		};
		365303082E067DA30048AF64 /* FirebasePerformance */ = {
			isa = XCSwiftPackageProductDependency;
			package = 36AA4F3D2DF6B49A00F01277 /* XCRemoteSwiftPackageReference "firebase-ios-sdk" */;
			productName = FirebasePerformance;
		};
		3653030A2E067DA30048AF64 /* FirebaseRemoteConfig */ = {
			isa = XCSwiftPackageProductDependency;
			package = 36AA4F3D2DF6B49A00F01277 /* XCRemoteSwiftPackageReference "firebase-ios-sdk" */;
			productName = FirebaseRemoteConfig;
		};
		3653030C2E067DA30048AF64 /* FirebaseStorage */ = {
			isa = XCSwiftPackageProductDependency;
			package = 36AA4F3D2DF6B49A00F01277 /* XCRemoteSwiftPackageReference "firebase-ios-sdk" */;
			productName = FirebaseStorage;
		};
		3653030E2E067DA30048AF64 /* FirebaseStorageCombine-Community */ = {
			isa = XCSwiftPackageProductDependency;
			package = 36AA4F3D2DF6B49A00F01277 /* XCRemoteSwiftPackageReference "firebase-ios-sdk" */;
			productName = "FirebaseStorageCombine-Community";
		};
		365303102E067DA30048AF64 /* FirebaseVertexAI */ = {
			isa = XCSwiftPackageProductDependency;
			package = 36AA4F3D2DF6B49A00F01277 /* XCRemoteSwiftPackageReference "firebase-ios-sdk" */;
			productName = FirebaseVertexAI;
		};
		36AA4F3E2DF6B49A00F01277 /* FirebaseAuth */ = {
			isa = XCSwiftPackageProductDependency;
			package = 36AA4F3D2DF6B49A00F01277 /* XCRemoteSwiftPackageReference "firebase-ios-sdk" */;
			productName = FirebaseAuth;
		};
		36AA4F402DF6B49A00F01277 /* FirebaseFirestore */ = {
			isa = XCSwiftPackageProductDependency;
			package = 36AA4F3D2DF6B49A00F01277 /* XCRemoteSwiftPackageReference "firebase-ios-sdk" */;
			productName = FirebaseFirestore;
		};
		36AA4F422DF6B49A00F01277 /* FirebaseFirestoreCombine-Community */ = {
			isa = XCSwiftPackageProductDependency;
			package = 36AA4F3D2DF6B49A00F01277 /* XCRemoteSwiftPackageReference "firebase-ios-sdk" */;
			productName = "FirebaseFirestoreCombine-Community";
		};
/* End XCSwiftPackageProductDependency section */
	};
	rootObject = 36AA4F082DF6AF1E00F01277 /* Project object */;
}
